
Microsoft Visual Studio Solution File, Format Version 12.00
# Visual Studio Version 17
VisualStudioVersion = 17.14.36127.28 d17.14
MinimumVisualStudioVersion = 10.0.40219.1
Project("{FAE04EC0-301F-11D3-BF4B-00C04F79EFBC}") = "LongestSubstringWithoutRepeatingCharacters", "LongestSubstringWithoutRepeatingCharacters.csproj", "{5D191236-5E3E-406E-A46A-DBD54B982DC3}"
EndProject
Global
	GlobalSection(SolutionConfigurationPlatforms) = preSolution
		Debug|Any CPU = Debug|Any CPU
		Release|Any CPU = Release|Any CPU
	EndGlobalSection
	GlobalSection(ProjectConfigurationPlatforms) = postSolution
		{5D191236-5E3E-406E-A46A-DBD54B982DC3}.Debug|Any CPU.ActiveCfg = Debug|Any CPU
		{5D191236-5E3E-406E-A46A-DBD54B982DC3}.Debug|Any CPU.Build.0 = Debug|Any CPU
		{5D191236-5E3E-406E-A46A-DBD54B982DC3}.Release|Any CPU.ActiveCfg = Release|Any CPU
		{5D191236-5E3E-406E-A46A-DBD54B982DC3}.Release|Any CPU.Build.0 = Release|Any CPU
	EndGlobalSection
	GlobalSection(SolutionProperties) = preSolution
		HideSolutionNode = FALSE
	EndGlobalSection
	GlobalSection(ExtensibilityGlobals) = postSolution
		SolutionGuid = {84058657-2572-45F1-A4BA-C8C5B1683127}
	EndGlobalSection
EndGlobal
